
Microsoft Visual Studio Solution File, Format Version 12.00
Project("{FAE04EC0-301F-11D3-BF4B-00C04F79EFBC}") = "HW1", "HW1.csproj", "{01B19050-BDEB-422B-B2C0-AF25ED34FCBD}"
EndProject
Project("{FAE04EC0-301F-11D3-BF4B-00C04F79EFBC}") = "HW1_Tests", "..\HW1_Tests\HW1_Tests.csproj", "{B6FF8E85-9A52-4040-9D1F-77C4DB728083}"
EndProject
Global
	GlobalSection(SolutionConfigurationPlatforms) = preSolution
		Debug|Any CPU = Debug|Any CPU
		Release|Any CPU = Release|Any CPU
	EndGlobalSection
	GlobalSection(ProjectConfigurationPlatforms) = postSolution
		{01B19050-BDEB-422B-B2C0-AF25ED34FCBD}.Debug|Any CPU.ActiveCfg = Debug|Any CPU
		{01B19050-BDEB-422B-B2C0-AF25ED34FCBD}.Debug|Any CPU.Build.0 = Debug|Any CPU
		{01B19050-BDEB-422B-B2C0-AF25ED34FCBD}.Release|Any CPU.ActiveCfg = Release|Any CPU
		{01B19050-BDEB-422B-B2C0-AF25ED34FCBD}.Release|Any CPU.Build.0 = Release|Any CPU
		{B6FF8E85-9A52-4040-9D1F-77C4DB728083}.Debug|Any CPU.ActiveCfg = Debug|Any CPU
		{B6FF8E85-9A52-4040-9D1F-77C4DB728083}.Debug|Any CPU.Build.0 = Debug|Any CPU
		{B6FF8E85-9A52-4040-9D1F-77C4DB728083}.Release|Any CPU.ActiveCfg = Release|Any CPU
		{B6FF8E85-9A52-4040-9D1F-77C4DB728083}.Release|Any CPU.Build.0 = Release|Any CPU
	EndGlobalSection
EndGlobal
