
Microsoft Visual Studio Solution File, Format Version 12.00
Project("{F2A71F9B-5D33-465A-A702-920D77279786}") = "FSharpCalculator", "FSharpCalculator\FSharpCalculator.fsproj", "{E3F5EF1F-C7A4-4609-B4EA-9F5CA8A7719D}"
EndProject
Project("{F2A71F9B-5D33-465A-A702-920D77279786}") = "Tests", "Tests\Tests.fsproj", "{AFFA4247-ACFD-4BE5-A07C-5ED2F4B4D525}"
EndProject
Global
	GlobalSection(SolutionConfigurationPlatforms) = preSolution
		Debug|Any CPU = Debug|Any CPU
		Release|Any CPU = Release|Any CPU
	EndGlobalSection
	GlobalSection(ProjectConfigurationPlatforms) = postSolution
		{E3F5EF1F-C7A4-4609-B4EA-9F5CA8A7719D}.Debug|Any CPU.ActiveCfg = Debug|Any CPU
		{E3F5EF1F-C7A4-4609-B4EA-9F5CA8A7719D}.Debug|Any CPU.Build.0 = Debug|Any CPU
		{E3F5EF1F-C7A4-4609-B4EA-9F5CA8A7719D}.Release|Any CPU.ActiveCfg = Release|Any CPU
		{E3F5EF1F-C7A4-4609-B4EA-9F5CA8A7719D}.Release|Any CPU.Build.0 = Release|Any CPU
		{AFFA4247-ACFD-4BE5-A07C-5ED2F4B4D525}.Debug|Any CPU.ActiveCfg = Debug|Any CPU
		{AFFA4247-ACFD-4BE5-A07C-5ED2F4B4D525}.Debug|Any CPU.Build.0 = Debug|Any CPU
		{AFFA4247-ACFD-4BE5-A07C-5ED2F4B4D525}.Release|Any CPU.ActiveCfg = Release|Any CPU
		{AFFA4247-ACFD-4BE5-A07C-5ED2F4B4D525}.Release|Any CPU.Build.0 = Release|Any CPU
	EndGlobalSection
EndGlobal
