
Microsoft Visual Studio Solution File, Format Version 12.00
Project("{FAE04EC0-301F-11D3-BF4B-00C04F79EFBC}") = "HW7", "HW7\HW7.csproj", "{0410F5C8-32AB-46FC-95B6-E5FE4971FC3B}"
EndProject
Global
	GlobalSection(SolutionConfigurationPlatforms) = preSolution
		Debug|Any CPU = Debug|Any CPU
		Release|Any CPU = Release|Any CPU
	EndGlobalSection
	GlobalSection(ProjectConfigurationPlatforms) = postSolution
		{0410F5C8-32AB-46FC-95B6-E5FE4971FC3B}.Debug|Any CPU.ActiveCfg = Debug|Any CPU
		{0410F5C8-32AB-46FC-95B6-E5FE4971FC3B}.Debug|Any CPU.Build.0 = Debug|Any CPU
		{0410F5C8-32AB-46FC-95B6-E5FE4971FC3B}.Release|Any CPU.ActiveCfg = Release|Any CPU
		{0410F5C8-32AB-46FC-95B6-E5FE4971FC3B}.Release|Any CPU.Build.0 = Release|Any CPU
	EndGlobalSection
EndGlobal
