
Microsoft Visual Studio Solution File, Format Version 12.00
Project("{F2A71F9B-5D33-465A-A702-920D77279786}") = "FSharpCalculator", "FSharpCalculator\FSharpCalculator.fsproj", "{FB62E586-F167-44D5-98DC-2238F6D97C7C}"
EndProject
Project("{F2A71F9B-5D33-465A-A702-920D77279786}") = "Tests", "Tests\Tests.fsproj", "{2244B98F-E26D-4FB2-9F3A-A4E846ECC6CF}"
EndProject
Global
	GlobalSection(SolutionConfigurationPlatforms) = preSolution
		Debug|Any CPU = Debug|Any CPU
		Release|Any CPU = Release|Any CPU
	EndGlobalSection
	GlobalSection(ProjectConfigurationPlatforms) = postSolution
		{FB62E586-F167-44D5-98DC-2238F6D97C7C}.Debug|Any CPU.ActiveCfg = Debug|Any CPU
		{FB62E586-F167-44D5-98DC-2238F6D97C7C}.Debug|Any CPU.Build.0 = Debug|Any CPU
		{FB62E586-F167-44D5-98DC-2238F6D97C7C}.Release|Any CPU.ActiveCfg = Release|Any CPU
		{FB62E586-F167-44D5-98DC-2238F6D97C7C}.Release|Any CPU.Build.0 = Release|Any CPU
		{2244B98F-E26D-4FB2-9F3A-A4E846ECC6CF}.Debug|Any CPU.ActiveCfg = Debug|Any CPU
		{2244B98F-E26D-4FB2-9F3A-A4E846ECC6CF}.Debug|Any CPU.Build.0 = Debug|Any CPU
		{2244B98F-E26D-4FB2-9F3A-A4E846ECC6CF}.Release|Any CPU.ActiveCfg = Release|Any CPU
		{2244B98F-E26D-4FB2-9F3A-A4E846ECC6CF}.Release|Any CPU.Build.0 = Release|Any CPU
	EndGlobalSection
EndGlobal
